// !$*UTF8*$!
{
	archiveVersion = 1;
	classes = {
	};
	objectVersion = 55;
	objects = {

/* Begin PBXBuildFile section */
		C32943BF28CB98C100ABDBDA /* AppDelegate.swift in Sources */ = {isa = PBXBuildFile; fileRef = C32943BE28CB98C100ABDBDA /* AppDelegate.swift */; };
		C32943C128CB98C100ABDBDA /* SceneDelegate.swift in Sources */ = {isa = PBXBuildFile; fileRef = C32943C028CB98C100ABDBDA /* SceneDelegate.swift */; };
		C32943C928CB98C100ABDBDA /* ToDoList.xcdatamodeld in Sources */ = {isa = PBXBuildFile; fileRef = C32943C728CB98C100ABDBDA /* ToDoList.xcdatamodeld */; };
		C32943CB28CB98C100ABDBDA /* Assets.xcassets in Resources */ = {isa = PBXBuildFile; fileRef = C32943CA28CB98C100ABDBDA /* Assets.xcassets */; };
		C32943CE28CB98C100ABDBDA /* LaunchScreen.storyboard in Resources */ = {isa = PBXBuildFile; fileRef = C32943CC28CB98C100ABDBDA /* LaunchScreen.storyboard */; };
		C32943DA28CB99BF00ABDBDA /* ToDoListViewController.swift in Sources */ = {isa = PBXBuildFile; fileRef = C32943D928CB99BF00ABDBDA /* ToDoListViewController.swift */; };
		C32943DC28CBAF5900ABDBDA /* CoreDataManager.swift in Sources */ = {isa = PBXBuildFile; fileRef = C32943DB28CBAF5900ABDBDA /* CoreDataManager.swift */; };
		C32943E028CBB81E00ABDBDA /* CoreDataManager+Extensions.swift in Sources */ = {isa = PBXBuildFile; fileRef = C32943DF28CBB81E00ABDBDA /* CoreDataManager+Extensions.swift */; };
		C32943E228CBB89200ABDBDA /* DataProvider.swift in Sources */ = {isa = PBXBuildFile; fileRef = C32943E128CBB89200ABDBDA /* DataProvider.swift */; };
		C32943E428CBC1C800ABDBDA /* DataSource.swift in Sources */ = {isa = PBXBuildFile; fileRef = C32943E328CBC1C800ABDBDA /* DataSource.swift */; };
		C32943E628CBC7A500ABDBDA /* CustomTableView.swift in Sources */ = {isa = PBXBuildFile; fileRef = C32943E528CBC7A500ABDBDA /* CustomTableView.swift */; };
/* End PBXBuildFile section */

/* Begin PBXFileReference section */
		C32943BB28CB98C000ABDBDA /* ToDoList.app */ = {isa = PBXFileReference; explicitFileType = wrapper.application; includeInIndex = 0; path = ToDoList.app; sourceTree = BUILT_PRODUCTS_DIR; };
		C32943BE28CB98C100ABDBDA /* AppDelegate.swift */ = {isa = PBXFileReference; lastKnownFileType = sourcecode.swift; path = AppDelegate.swift; sourceTree = "<group>"; };
		C32943C028CB98C100ABDBDA /* SceneDelegate.swift */ = {isa = PBXFileReference; lastKnownFileType = sourcecode.swift; path = SceneDelegate.swift; sourceTree = "<group>"; };
		C32943C828CB98C100ABDBDA /* ToDoList.xcdatamodel */ = {isa = PBXFileReference; lastKnownFileType = wrapper.xcdatamodel; path = ToDoList.xcdatamodel; sourceTree = "<group>"; };
		C32943CA28CB98C100ABDBDA /* Assets.xcassets */ = {isa = PBXFileReference; lastKnownFileType = folder.assetcatalog; path = Assets.xcassets; sourceTree = "<group>"; };
		C32943CD28CB98C100ABDBDA /* Base */ = {isa = PBXFileReference; lastKnownFileType = file.storyboard; name = Base; path = Base.lproj/LaunchScreen.storyboard; sourceTree = "<group>"; };
		C32943CF28CB98C100ABDBDA /* Info.plist */ = {isa = PBXFileReference; lastKnownFileType = text.plist.xml; path = Info.plist; sourceTree = "<group>"; };
		C32943D928CB99BF00ABDBDA /* ToDoListViewController.swift */ = {isa = PBXFileReference; lastKnownFileType = sourcecode.swift; path = ToDoListViewController.swift; sourceTree = "<group>"; };
		C32943DB28CBAF5900ABDBDA /* CoreDataManager.swift */ = {isa = PBXFileReference; lastKnownFileType = sourcecode.swift; path = CoreDataManager.swift; sourceTree = "<group>"; };
		C32943DF28CBB81E00ABDBDA /* CoreDataManager+Extensions.swift */ = {isa = PBXFileReference; lastKnownFileType = sourcecode.swift; path = "CoreDataManager+Extensions.swift"; sourceTree = "<group>"; };
		C32943E128CBB89200ABDBDA /* DataProvider.swift */ = {isa = PBXFileReference; lastKnownFileType = sourcecode.swift; path = DataProvider.swift; sourceTree = "<group>"; };
		C32943E328CBC1C800ABDBDA /* DataSource.swift */ = {isa = PBXFileReference; lastKnownFileType = sourcecode.swift; path = DataSource.swift; sourceTree = "<group>"; };
		C32943E528CBC7A500ABDBDA /* CustomTableView.swift */ = {isa = PBXFileReference; lastKnownFileType = sourcecode.swift; path = CustomTableView.swift; sourceTree = "<group>"; };
/* End PBXFileReference section */

/* Begin PBXFrameworksBuildPhase section */
		C32943B828CB98C000ABDBDA /* Frameworks */ = {
			isa = PBXFrameworksBuildPhase;
			buildActionMask = 2147483647;
			files = (
			);
			runOnlyForDeploymentPostprocessing = 0;
		};
/* End PBXFrameworksBuildPhase section */

/* Begin PBXGroup section */
		C32943B228CB98C000ABDBDA = {
			isa = PBXGroup;
			children = (
				C32943BD28CB98C000ABDBDA /* ToDoList */,
				C32943BC28CB98C000ABDBDA /* Products */,
			);
			sourceTree = "<group>";
		};
		C32943BC28CB98C000ABDBDA /* Products */ = {
			isa = PBXGroup;
			children = (
				C32943BB28CB98C000ABDBDA /* ToDoList.app */,
			);
			name = Products;
			sourceTree = "<group>";
		};
		C32943BD28CB98C000ABDBDA /* ToDoList */ = {
			isa = PBXGroup;
			children = (
				C32943D728CB999100ABDBDA /* ViewModel */,
				C32943D628CB998F00ABDBDA /* ToDoList */,
				C32943D528CB998D00ABDBDA /* DB */,
				C32943BE28CB98C100ABDBDA /* AppDelegate.swift */,
				C32943C028CB98C100ABDBDA /* SceneDelegate.swift */,
				C32943CA28CB98C100ABDBDA /* Assets.xcassets */,
				C32943CC28CB98C100ABDBDA /* LaunchScreen.storyboard */,
				C32943CF28CB98C100ABDBDA /* Info.plist */,
			);
			path = ToDoList;
			sourceTree = "<group>";
		};
		C32943D528CB998D00ABDBDA /* DB */ = {
			isa = PBXGroup;
			children = (
				C32943C728CB98C100ABDBDA /* ToDoList.xcdatamodeld */,
				C32943DB28CBAF5900ABDBDA /* CoreDataManager.swift */,
				C32943DF28CBB81E00ABDBDA /* CoreDataManager+Extensions.swift */,
			);
			path = DB;
			sourceTree = "<group>";
		};
		C32943D628CB998F00ABDBDA /* ToDoList */ = {
			isa = PBXGroup;
			children = (
				C32943D928CB99BF00ABDBDA /* ToDoListViewController.swift */,
			);
			path = ToDoList;
			sourceTree = "<group>";
		};
		C32943D728CB999100ABDBDA /* ViewModel */ = {
			isa = PBXGroup;
			children = (
				C32943E128CBB89200ABDBDA /* DataProvider.swift */,
				C32943E328CBC1C800ABDBDA /* DataSource.swift */,
				C32943E528CBC7A500ABDBDA /* CustomTableView.swift */,
			);
			path = ViewModel;
			sourceTree = "<group>";
		};
/* End PBXGroup section */

/* Begin PBXNativeTarget section */
		C32943BA28CB98C000ABDBDA /* ToDoList */ = {
			isa = PBXNativeTarget;
			buildConfigurationList = C32943D228CB98C100ABDBDA /* Build configuration list for PBXNativeTarget "ToDoList" */;
			buildPhases = (
				C32943B728CB98C000ABDBDA /* Sources */,
				C32943B828CB98C000ABDBDA /* Frameworks */,
				C32943B928CB98C000ABDBDA /* Resources */,
			);
			buildRules = (
			);
			dependencies = (
			);
			name = ToDoList;
			productName = ToDoList;
			productReference = C32943BB28CB98C000ABDBDA /* ToDoList.app */;
			productType = "com.apple.product-type.application";
		};
/* End PBXNativeTarget section */

/* Begin PBXProject section */
		C32943B328CB98C000ABDBDA /* Project object */ = {
			isa = PBXProject;
			attributes = {
				BuildIndependentTargetsInParallel = 1;
				LastSwiftUpdateCheck = 1340;
				LastUpgradeCheck = 1340;
				TargetAttributes = {
					C32943BA28CB98C000ABDBDA = {
						CreatedOnToolsVersion = 13.4.1;
					};
				};
			};
			buildConfigurationList = C32943B628CB98C000ABDBDA /* Build configuration list for PBXProject "ToDoList" */;
			compatibilityVersion = "Xcode 13.0";
			developmentRegion = en;
			hasScannedForEncodings = 0;
			knownRegions = (
				en,
				Base,
			);
			mainGroup = C32943B228CB98C000ABDBDA;
			productRefGroup = C32943BC28CB98C000ABDBDA /* Products */;
			projectDirPath = "";
			projectRoot = "";
			targets = (
				C32943BA28CB98C000ABDBDA /* ToDoList */,
			);
		};
/* End PBXProject section */

/* Begin PBXResourcesBuildPhase section */
		C32943B928CB98C000ABDBDA /* Resources */ = {
			isa = PBXResourcesBuildPhase;
			buildActionMask = 2147483647;
			files = (
				C32943CE28CB98C100ABDBDA /* LaunchScreen.storyboard in Resources */,
				C32943CB28CB98C100ABDBDA /* Assets.xcassets in Resources */,
			);
			runOnlyForDeploymentPostprocessing = 0;
		};
/* End PBXResourcesBuildPhase section */

/* Begin PBXSourcesBuildPhase section */
		C32943B728CB98C000ABDBDA /* Sources */ = {
			isa = PBXSourcesBuildPhase;
			buildActionMask = 2147483647;
			files = (
				C32943BF28CB98C100ABDBDA /* AppDelegate.swift in Sources */,
				C32943C128CB98C100ABDBDA /* SceneDelegate.swift in Sources */,
				C32943E028CBB81E00ABDBDA /* CoreDataManager+Extensions.swift in Sources */,
				C32943E228CBB89200ABDBDA /* DataProvider.swift in Sources */,
				C32943E628CBC7A500ABDBDA /* CustomTableView.swift in Sources */,
				C32943DA28CB99BF00ABDBDA /* ToDoListViewController.swift in Sources */,
				C32943DC28CBAF5900ABDBDA /* CoreDataManager.swift in Sources */,
				C32943E428CBC1C800ABDBDA /* DataSource.swift in Sources */,
				C32943C928CB98C100ABDBDA /* ToDoList.xcdatamodeld in Sources */,
			);
			runOnlyForDeploymentPostprocessing = 0;
		};
/* End PBXSourcesBuildPhase section */

/* Begin PBXVariantGroup section */
		C32943CC28CB98C100ABDBDA /* LaunchScreen.storyboard */ = {
			isa = PBXVariantGroup;
			children = (
				C32943CD28CB98C100ABDBDA /* Base */,
			);
			name = LaunchScreen.storyboard;
			sourceTree = "<group>";
		};
/* End PBXVariantGroup section */

/* Begin XCBuildConfiguration section */
		C32943D028CB98C100ABDBDA /* Debug */ = {
			isa = XCBuildConfiguration;
			buildSettings = {
				ALWAYS_SEARCH_USER_PATHS = NO;
				CLANG_ANALYZER_NONNULL = YES;
				CLANG_ANALYZER_NUMBER_OBJECT_CONVERSION = YES_AGGRESSIVE;
				CLANG_CXX_LANGUAGE_STANDARD = "gnu++17";
				CLANG_ENABLE_MODULES = YES;
				CLANG_ENABLE_OBJC_ARC = YES;
				CLANG_ENABLE_OBJC_WEAK = YES;
				CLANG_WARN_BLOCK_CAPTURE_AUTORELEASING = YES;
				CLANG_WARN_BOOL_CONVERSION = YES;
				CLANG_WARN_COMMA = YES;
				CLANG_WARN_CONSTANT_CONVERSION = YES;
				CLANG_WARN_DEPRECATED_OBJC_IMPLEMENTATIONS = YES;
				CLANG_WARN_DIRECT_OBJC_ISA_USAGE = YES_ERROR;
				CLANG_WARN_DOCUMENTATION_COMMENTS = YES;
				CLANG_WARN_EMPTY_BODY = YES;
				CLANG_WARN_ENUM_CONVERSION = YES;
				CLANG_WARN_INFINITE_RECURSION = YES;
				CLANG_WARN_INT_CONVERSION = YES;
				CLANG_WARN_NON_LITERAL_NULL_CONVERSION = YES;
				CLANG_WARN_OBJC_IMPLICIT_RETAIN_SELF = YES;
				CLANG_WARN_OBJC_LITERAL_CONVERSION = YES;
				CLANG_WARN_OBJC_ROOT_CLASS = YES_ERROR;
				CLANG_WARN_QUOTED_INCLUDE_IN_FRAMEWORK_HEADER = YES;
				CLANG_WARN_RANGE_LOOP_ANALYSIS = YES;
				CLANG_WARN_STRICT_PROTOTYPES = YES;
				CLANG_WARN_SUSPICIOUS_MOVE = YES;
				CLANG_WARN_UNGUARDED_AVAILABILITY = YES_AGGRESSIVE;
				CLANG_WARN_UNREACHABLE_CODE = YES;
				CLANG_WARN__DUPLICATE_METHOD_MATCH = YES;
				COPY_PHASE_STRIP = NO;
				DEBUG_INFORMATION_FORMAT = dwarf;
				ENABLE_STRICT_OBJC_MSGSEND = YES;
				ENABLE_TESTABILITY = YES;
				GCC_C_LANGUAGE_STANDARD = gnu11;
				GCC_DYNAMIC_NO_PIC = NO;
				GCC_NO_COMMON_BLOCKS = YES;
				GCC_OPTIMIZATION_LEVEL = 0;
				GCC_PREPROCESSOR_DEFINITIONS = (
					"DEBUG=1",
					"$(inherited)",
				);
				GCC_WARN_64_TO_32_BIT_CONVERSION = YES;
				GCC_WARN_ABOUT_RETURN_TYPE = YES_ERROR;
				GCC_WARN_UNDECLARED_SELECTOR = YES;
				GCC_WARN_UNINITIALIZED_AUTOS = YES_AGGRESSIVE;
				GCC_WARN_UNUSED_FUNCTION = YES;
				GCC_WARN_UNUSED_VARIABLE = YES;
				IPHONEOS_DEPLOYMENT_TARGET = 15.5;
				MTL_ENABLE_DEBUG_INFO = INCLUDE_SOURCE;
				MTL_FAST_MATH = YES;
				ONLY_ACTIVE_ARCH = YES;
				SDKROOT = iphoneos;
				SWIFT_ACTIVE_COMPILATION_CONDITIONS = DEBUG;
				SWIFT_OPTIMIZATION_LEVEL = "-Onone";
			};
			name = Debug;
		};
		C32943D128CB98C100ABDBDA /* Release */ = {
			isa = XCBuildConfiguration;
			buildSettings = {
				ALWAYS_SEARCH_USER_PATHS = NO;
				CLANG_ANALYZER_NONNULL = YES;
				CLANG_ANALYZER_NUMBER_OBJECT_CONVERSION = YES_AGGRESSIVE;
				CLANG_CXX_LANGUAGE_STANDARD = "gnu++17";
				CLANG_ENABLE_MODULES = YES;
				CLANG_ENABLE_OBJC_ARC = YES;
				CLANG_ENABLE_OBJC_WEAK = YES;
				CLANG_WARN_BLOCK_CAPTURE_AUTORELEASING = YES;
				CLANG_WARN_BOOL_CONVERSION = YES;
				CLANG_WARN_COMMA = YES;
				CLANG_WARN_CONSTANT_CONVERSION = YES;
				CLANG_WARN_DEPRECATED_OBJC_IMPLEMENTATIONS = YES;
				CLANG_WARN_DIRECT_OBJC_ISA_USAGE = YES_ERROR;
				CLANG_WARN_DOCUMENTATION_COMMENTS = YES;
				CLANG_WARN_EMPTY_BODY = YES;
				CLANG_WARN_ENUM_CONVERSION = YES;
				CLANG_WARN_INFINITE_RECURSION = YES;
				CLANG_WARN_INT_CONVERSION = YES;
				CLANG_WARN_NON_LITERAL_NULL_CONVERSION = YES;
				CLANG_WARN_OBJC_IMPLICIT_RETAIN_SELF = YES;
				CLANG_WARN_OBJC_LITERAL_CONVERSION = YES;
				CLANG_WARN_OBJC_ROOT_CLASS = YES_ERROR;
				CLANG_WARN_QUOTED_INCLUDE_IN_FRAMEWORK_HEADER = YES;
				CLANG_WARN_RANGE_LOOP_ANALYSIS = YES;
				CLANG_WARN_STRICT_PROTOTYPES = YES;
				CLANG_WARN_SUSPICIOUS_MOVE = YES;
				CLANG_WARN_UNGUARDED_AVAILABILITY = YES_AGGRESSIVE;
				CLANG_WARN_UNREACHABLE_CODE = YES;
				CLANG_WARN__DUPLICATE_METHOD_MATCH = YES;
				COPY_PHASE_STRIP = NO;
				DEBUG_INFORMATION_FORMAT = "dwarf-with-dsym";
				ENABLE_NS_ASSERTIONS = NO;
				ENABLE_STRICT_OBJC_MSGSEND = YES;
				GCC_C_LANGUAGE_STANDARD = gnu11;
				GCC_NO_COMMON_BLOCKS = YES;
				GCC_WARN_64_TO_32_BIT_CONVERSION = YES;
				GCC_WARN_ABOUT_RETURN_TYPE = YES_ERROR;
				GCC_WARN_UNDECLARED_SELECTOR = YES;
				GCC_WARN_UNINITIALIZED_AUTOS = YES_AGGRESSIVE;
				GCC_WARN_UNUSED_FUNCTION = YES;
				GCC_WARN_UNUSED_VARIABLE = YES;
				IPHONEOS_DEPLOYMENT_TARGET = 15.5;
				MTL_ENABLE_DEBUG_INFO = NO;
				MTL_FAST_MATH = YES;
				SDKROOT = iphoneos;
				SWIFT_COMPILATION_MODE = wholemodule;
				SWIFT_OPTIMIZATION_LEVEL = "-O";
				VALIDATE_PRODUCT = YES;
			};
			name = Release;
		};
		C32943D328CB98C100ABDBDA /* Debug */ = {
			isa = XCBuildConfiguration;
			buildSettings = {
				ASSETCATALOG_COMPILER_APPICON_NAME = AppIcon;
				ASSETCATALOG_COMPILER_GLOBAL_ACCENT_COLOR_NAME = AccentColor;
				CODE_SIGN_STYLE = Automatic;
				CURRENT_PROJECT_VERSION = 1;
				DEVELOPMENT_TEAM = GZZP766Y22;
				GENERATE_INFOPLIST_FILE = YES;
				INFOPLIST_FILE = ToDoList/Info.plist;
				INFOPLIST_KEY_UIApplicationSupportsIndirectInputEvents = YES;
				INFOPLIST_KEY_UILaunchStoryboardName = LaunchScreen;
				INFOPLIST_KEY_UISupportedInterfaceOrientations_iPad = "UIInterfaceOrientationPortrait UIInterfaceOrientationPortraitUpsideDown UIInterfaceOrientationLandscapeLeft UIInterfaceOrientationLandscapeRight";
				INFOPLIST_KEY_UISupportedInterfaceOrientations_iPhone = "UIInterfaceOrientationPortrait UIInterfaceOrientationLandscapeLeft UIInterfaceOrientationLandscapeRight";
				LD_RUNPATH_SEARCH_PATHS = (
					"$(inherited)",
					"@executable_path/Frameworks",
				);
				MARKETING_VERSION = 1.0;
				PRODUCT_BUNDLE_IDENTIFIER = com.erdempapakci.ToDoList;
				PRODUCT_NAME = "$(TARGET_NAME)";
				SWIFT_EMIT_LOC_STRINGS = YES;
				SWIFT_VERSION = 5.0;
				TARGETED_DEVICE_FAMILY = "1,2";
			};
			name = Debug;
		};
		C32943D428CB98C100ABDBDA /* Release */ = {
			isa = XCBuildConfiguration;
			buildSettings = {
				ASSETCATALOG_COMPILER_APPICON_NAME = AppIcon;
				ASSETCATALOG_COMPILER_GLOBAL_ACCENT_COLOR_NAME = AccentColor;
				CODE_SIGN_STYLE = Automatic;
				CURRENT_PROJECT_VERSION = 1;
				DEVELOPMENT_TEAM = GZZP766Y22;
				GENERATE_INFOPLIST_FILE = YES;
				INFOPLIST_FILE = ToDoList/Info.plist;
				INFOPLIST_KEY_UIApplicationSupportsIndirectInputEvents = YES;
				INFOPLIST_KEY_UILaunchStoryboardName = LaunchScreen;
				INFOPLIST_KEY_UISupportedInterfaceOrientations_iPad = "UIInterfaceOrientationPortrait UIInterfaceOrientationPortraitUpsideDown UIInterfaceOrientationLandscapeLeft UIInterfaceOrientationLandscapeRight";
				INFOPLIST_KEY_UISupportedInterfaceOrientations_iPhone = "UIInterfaceOrientationPortrait UIInterfaceOrientationLandscapeLeft UIInterfaceOrientationLandscapeRight";
				LD_RUNPATH_SEARCH_PATHS = (
					"$(inherited)",
					"@executable_path/Frameworks",
				);
				MARKETING_VERSION = 1.0;
				PRODUCT_BUNDLE_IDENTIFIER = com.erdempapakci.ToDoList;
				PRODUCT_NAME = "$(TARGET_NAME)";
				SWIFT_EMIT_LOC_STRINGS = YES;
				SWIFT_VERSION = 5.0;
				TARGETED_DEVICE_FAMILY = "1,2";
			};
			name = Release;
		};
/* End XCBuildConfiguration section */

/* Begin XCConfigurationList section */
		C32943B628CB98C000ABDBDA /* Build configuration list for PBXProject "ToDoList" */ = {
			isa = XCConfigurationList;
			buildConfigurations = (
				C32943D028CB98C100ABDBDA /* Debug */,
				C32943D128CB98C100ABDBDA /* Release */,
			);
			defaultConfigurationIsVisible = 0;
			defaultConfigurationName = Release;
		};
		C32943D228CB98C100ABDBDA /* Build configuration list for PBXNativeTarget "ToDoList" */ = {
			isa = XCConfigurationList;
			buildConfigurations = (
				C32943D328CB98C100ABDBDA /* Debug */,
				C32943D428CB98C100ABDBDA /* Release */,
			);
			defaultConfigurationIsVisible = 0;
			defaultConfigurationName = Release;
		};
/* End XCConfigurationList section */

/* Begin XCVersionGroup section */
		C32943C728CB98C100ABDBDA /* ToDoList.xcdatamodeld */ = {
			isa = XCVersionGroup;
			children = (
				C32943C828CB98C100ABDBDA /* ToDoList.xcdatamodel */,
			);
			currentVersion = C32943C828CB98C100ABDBDA /* ToDoList.xcdatamodel */;
			path = ToDoList.xcdatamodeld;
			sourceTree = "<group>";
			versionGroupType = wrapper.xcdatamodel;
		};
/* End XCVersionGroup section */
	};
	rootObject = C32943B328CB98C000ABDBDA /* Project object */;
}
